# This file was autogenerated by Stack.
# You should not edit this file by hand.
# For more information, please see the documentation at:
#   https://docs.haskellstack.org/en/stable/lock_files

packages:
- completed:
    hackage: path-like-0.1.2.0@sha256:cffe900d1cd122f3a8e7455141fe8bbfd199c6e6d052392b99054f487ac0eca6,1055
    pantry-tree:
      size: 264
      sha256: a959ad87f2bb52b16bbf7d301686ab3bd28f7fd4391ea2d562b53d44691457db
  original:
    hackage: path-like-0.1.2.0
snapshots:
- completed:
    size: 531674
    url: https://raw.githubusercontent.com/commercialhaskell/stackage-snapshots/master/lts/16/2.yaml
    sha256: 4b08fb9338ca297de7ade8318f4be1216f14dff8c0426c001fb7886ee88cb84a
  original: lts-16.2
